github.com/f2prateek/semaphore v0.0.0-20160501164138-407301f194ce h1:JWbqIlLuJ7xVGNg5//jyJ77gw4lTRCEnPrCec6oZ1Q8=
github.com/f2prateek/semaphore v0.0.0-20160501164138-407301f194ce/go.mod h1:iaPDEhh+xr6wY3V79X/CA7CQlGSHPvLwd2jrfuKoBTo=
github.com/go-test/deep v1.0.1 h1:UQhStjbkDClarlmv0am7OXXO4/GaPdCGiUiMTvi28sg=
github.com/go-test/deep v1.0.1/go.mod h1:wGDj63lr65AM2AQyKZd/NYHGb0R+1RLqB8NKt3aSFNA=
github.com/kr/pretty v0.0.0-20160823170715-cfb55aafdaf3 h1:dhwb1Ev84SKKVBfLuhR4bw/29yYHzwtTyTLUWWnvYxI=
github.com/kr/pretty v0.0.0-20160823170715-cfb55aafdaf3/go.mod h1:Bvhd+E3laJ0AVkG0c9rmtZcnhV0HQ3+c3YxxqTvc/gA=
github.com/kr/text v0.0.0-20160504234017-7cafcd837844 h1:kpzneEBeC0dMewP3gr/fADv1OlblH9r1goWVwpOt3TU=
github.com/kr/text v0.0.0-20160504234017-7cafcd837844/go.mod h1:sjUstKUATFIcff4qlB53Kml0wQPtJVc/3fWrmuUmcfA=
github.com/pkg/errors v0.8.0 h1:WdK/asTD0HN+q6hsWO3/vpuAkAr+tw6aNJNDFFf0+qw=
github.com/pkg/errors v0.8.0/go.mod h1:bwawxfHBFNV+L2hUp1rHADufV3IMtnDRdf1r5NINEl0=
github.com/segmentio/conf v0.0.0-20180216232620-37796b948762 h1:BA4w5xEdJhuNpBSA2OE9ljx+E9YybneIFGZD8Vqizoc=
github.com/segmentio/conf v0.0.0-20180216232620-37796b948762/go.mod h1:y0VyxYAlU2slxCjm7XX7tGKFlN39bwHCZrbOpCcLsr8=
github.com/segmentio/events v2.0.1+incompatible h1:5Cdtdv9FX2XWmf+CQVWyEuAJ+pEi4Ec8AkT8wCYurfQ=
github.com/segmentio/events v2.0.1+incompatible/go.mod h1:npQUbmKYO33tlRpaQNZjgD2mXv0fb2hbOH0CNVs6g2Y=
github.com/segmentio/go-snakecase v1.0.0 h1:FSeHpP0sBL3O+MCpxvQZrS5a51WAki6gposZuwVE9L4=
github.com/segmentio/go-snakecase v1.0.0/go.mod h1:jk1miR5MS7Na32PZUykG89Arm+1BUSYhuGR6b7+hJto=
github.com/segmentio/ksuid v1.0.1 h1:O/0HN9qcXwqemHNVUT0L24al4IQLjwOFw5mWUy5wunE=
github.com/segmentio/ksuid v1.0.1/go.mod h1:BXuJDr2byAiHuQaQtSKoXh1J0YmUDurywOXgB2w+OSU=
github.com/segmentio/objconv v0.0.0-20180216231955-8998c9cea5fb h1:nZWLujBLSZl17oWF9/adTx/fuBwUtrQRBDX9WJFrR6g=
github.com/segmentio/objconv v0.0.0-20180216231955-8998c9cea5fb/go.mod h1:l6IU9rGW/wpM+MUyfJLDCoJ+XXAv6wbpkqej46ESQ6g=
gopkg.in/check.v1 v0.0.0-20161208181325-20d25e280405 h1:yhCVgyC4o1eVCa2tZl7eS0r+SDo693bJlVdllGtEeKM=
gopkg.in/check.v1 v0.0.0-20161208181325-20d25e280405/go.mod h1:Co6ibVJAznAaIkqp8huTwlJQCZ016jof/cbN4VW5Yz0=
gopkg.in/go-playground/assert.v1 v1.2.1 h1:xoYuJVE7KT85PYWrN730RguIQO0ePzVRfFMXadIrXTM=
gopkg.in/go-playground/assert.v1 v1.2.1/go.mod h1:9RXL0bg/zibRAgZUYszZSwO/z8Y/a8bDuhia5mkpMnE=
gopkg.in/go-playground/mold.v2 v2.2.0 h1:Y4IYB4/HYQfuq43zaKh6vs9cVelLE9qbqe2fkyfCTWQ=
gopkg.in/go-playground/mold.v2 v2.2.0/go.mod h1:XMyyRsGtakkDPbxXbrA5VODo6bUXyvoDjLd5l3T0XoA=
gopkg.in/validator.v2 v2.0.0-20180205153750-59c90c7046f6 h1:1eyJztq8DCjHRD6yYJVRKVnMvO/C1LIWKqE5Id11PuM=
gopkg.in/validator.v2 v2.0.0-20180205153750-59c90c7046f6/go.mod h1:o4V0GXN9/CAmCsvJ0oXYZvrZOe7syiDZSN1GWGZTGzc=
gopkg.in/yaml.v2 v2.1.1 h1:fxK3tv8mQPVEgxu/S2LJ040LyqiajHt+syP0CdDS/Sc=
gopkg.in/yaml.v2 v2.1.1/go.mod h1:hI93XBmqTisBFMUTm0b8Fm+jr3Dg1NNxqwp+5A1VGuI=
