# This file is autogenerated, do not edit; changes may be undone by the next 'dep ensure'.


[[projects]]
  branch = "master"
  name = "github.com/kr/pretty"
  packages = ["."]
  revision = "cfb55aafdaf3ec08f0db22699ab822c50091b1c4"

[[projects]]
  branch = "master"
  name = "github.com/kr/text"
  packages = ["."]
  revision = "7cafcd837844e784b526369c9bce262804aebc60"

[[projects]]
  name = "github.com/pkg/errors"
  packages = ["."]
  revision = "645ef00459ed84a119197bfb8d8205042c6df63d"
  version = "v0.8.0"

[[projects]]
  branch = "master"
  name = "github.com/segmentio/backo-go"
  packages = ["."]
  revision = "204274ad699c0983a70203a566887f17a717fef4"

[[projects]]
  branch = "master"
  name = "github.com/segmentio/conf"
  packages = ["."]
  revision = "37796b9487623cab86bf7adb8dff473b8a4f65d9"

[[projects]]
  name = "github.com/segmentio/events"
  packages = [
    ".",
    "text"
  ]
  revision = "406fcabaf3d3a8c0d790b3bbf7e3f795e277124e"
  version = "v2.0.1"

[[projects]]
  name = "github.com/segmentio/go-snakecase"
  packages = ["."]
  revision = "3ecf343f213326f182b8477c337a2be66c9205b0"
  version = "v1.0.0"

[[projects]]
  name = "github.com/segmentio/ksuid"
  packages = ["."]
  revision = "112f929a3020abfcd06b77c963ec919130796a35"
  version = "1.0.1"

[[projects]]
  name = "github.com/segmentio/objconv"
  packages = [
    ".",
    "adapters",
    "adapters/net",
    "adapters/net/mail",
    "adapters/net/url",
    "json",
    "objutil",
    "yaml"
  ]
  revision = "8998c9cea5fb978cf489f7a8ad69159aa7be3d50"
  version = "0.1.0"

[[projects]]
  name = "gopkg.in/go-playground/mold.v2"
  packages = [
    ".",
    "modifiers"
  ]
  revision = "6bc20ce40733e8e04c2fda4523a957dd8e198948"
  version = "v2.2.0"

[[projects]]
  branch = "v2"
  name = "gopkg.in/validator.v2"
  packages = ["."]
  revision = "59c90c7046f643cbe0d4e7c8776c42a84ce75910"

[[projects]]
  name = "gopkg.in/yaml.v2"
  packages = ["."]
  revision = "7f97868eec74b32b0982dd158a51a446d1da7eb5"
  version = "v2.1.1"

[solve-meta]
  analyzer-name = "dep"
  analyzer-version = 1
  inputs-digest = "b4ac8d52de1e383fc6e1f0a813196b368c25b954e123549f2c276e0c72711aa2"
  solver-name = "gps-cdcl"
  solver-version = 1
