# This file is autogenerated, do not edit; changes may be undone by the next 'dep ensure'.


[[projects]]
  digest = "1:7f89e0c888fb99c61055c646f5678aae645b0b0a1443d9b2dcd9964d850827ce"
  name = "github.com/go-test/deep"
  packages = ["."]
  pruneopts = "UT"
  revision = "6592d9cc0a499ad2d5f574fde80a2b5c5cc3b4f5"
  version = "v1.0.1"

[[projects]]
  branch = "master"
  digest = "1:06d94e582555f421565b117d324d2098f9e666a0bccf545bfb4eb0cc6bdc1b6e"
  name = "github.com/kr/pretty"
  packages = ["."]
  pruneopts = "UT"
  revision = "cfb55aafdaf3ec08f0db22699ab822c50091b1c4"

[[projects]]
  branch = "master"
  digest = "1:d249ec295344198f1d3cb3534dc03204a83f7321b99fa604284e4eec1792ddf5"
  name = "github.com/kr/text"
  packages = ["."]
  pruneopts = "UT"
  revision = "7cafcd837844e784b526369c9bce262804aebc60"

[[projects]]
  digest = "1:40e195917a951a8bf867cd05de2a46aaf1806c50cf92eebf4c16f78cd196f747"
  name = "github.com/pkg/errors"
  packages = ["."]
  pruneopts = "UT"
  revision = "645ef00459ed84a119197bfb8d8205042c6df63d"
  version = "v0.8.0"

[[projects]]
  branch = "master"
  digest = "1:ec22607298efbafb122c4e4b2ca8ceb6c4ec1ba72e74705b84f9f2ce8ee77984"
  name = "github.com/segmentio/backo-go"
  packages = ["."]
  pruneopts = "UT"
  revision = "204274ad699c0983a70203a566887f17a717fef4"

[[projects]]
  branch = "master"
  digest = "1:01ede0b903d4e47d4ebb2fdb14aa6bff755bf4d92858eb4656201324e06aea5f"
  name = "github.com/segmentio/conf"
  packages = ["."]
  pruneopts = "UT"
  revision = "37796b9487623cab86bf7adb8dff473b8a4f65d9"

[[projects]]
  digest = "1:45e4eb09df46510fa90ec112d05507d36b6350a297936f76d9205cb0ecea9a67"
  name = "github.com/segmentio/events"
  packages = [
    ".",
    "text",
  ]
  pruneopts = "UT"
  revision = "406fcabaf3d3a8c0d790b3bbf7e3f795e277124e"
  version = "v2.0.1"

[[projects]]
  digest = "1:338c877d3e0136603b78a7c852cd120422e5787c6c2c5f338230ba2d9771af8f"
  name = "github.com/segmentio/go-snakecase"
  packages = ["."]
  pruneopts = "UT"
  revision = "3ecf343f213326f182b8477c337a2be66c9205b0"
  version = "v1.0.0"

[[projects]]
  digest = "1:8a3e7525dc0cf0236b163166800ecbc78d6c8c5d7ac956996e7b3bef8cfadc41"
  name = "github.com/segmentio/ksuid"
  packages = ["."]
  pruneopts = "UT"
  revision = "112f929a3020abfcd06b77c963ec919130796a35"
  version = "1.0.1"

[[projects]]
  digest = "1:56a84a380d547f4147fc55203383a565785c57ba3b212697ae3a636db70f0eb8"
  name = "github.com/segmentio/objconv"
  packages = [
    ".",
    "adapters",
    "adapters/net",
    "adapters/net/mail",
    "adapters/net/url",
    "json",
    "objutil",
    "yaml",
  ]
  pruneopts = "UT"
  revision = "8998c9cea5fb978cf489f7a8ad69159aa7be3d50"
  version = "0.1.0"

[[projects]]
  digest = "1:dad6cd59e8bb8d209194efbd3850b5d054384a63061671bfc2a6b2cc0929c731"
  name = "gopkg.in/go-playground/mold.v2"
  packages = [
    ".",
    "modifiers",
  ]
  pruneopts = "UT"
  revision = "6bc20ce40733e8e04c2fda4523a957dd8e198948"
  version = "v2.2.0"

[[projects]]
  branch = "v2"
  digest = "1:952adf11fb5bc868cb9d242af59dc4cbafcc8553efddd2124711c0aeb58df2b3"
  name = "gopkg.in/validator.v2"
  packages = ["."]
  pruneopts = "UT"
  revision = "59c90c7046f643cbe0d4e7c8776c42a84ce75910"

[[projects]]
  digest = "1:2a81c6e126d36ad027328cffaa4888fc3be40f09dc48028d1f93705b718130b9"
  name = "gopkg.in/yaml.v2"
  packages = ["."]
  pruneopts = "UT"
  revision = "7f97868eec74b32b0982dd158a51a446d1da7eb5"
  version = "v2.1.1"

[solve-meta]
  analyzer-name = "dep"
  analyzer-version = 1
  input-imports = [
    "github.com/go-test/deep",
    "github.com/kr/pretty",
    "github.com/pkg/errors",
    "github.com/segmentio/backo-go",
    "github.com/segmentio/conf",
    "github.com/segmentio/events",
    "github.com/segmentio/events/text",
    "github.com/segmentio/ksuid",
  ]
  solver-name = "gps-cdcl"
  solver-version = 1
